
Microsoft Visual Studio Solution File, Format Version 12.00
# Visual Studio Version 17
VisualStudioVersion = 17.14.36518.9 d17.14
MinimumVisualStudioVersion = 10.0.40219.1
Project("{FAE04EC0-301F-11D3-BF4B-00C04F79EFBC}") = "MinhaEmpresa", "MinhaEmpresa\MinhaEmpresa.csproj", "{9410870A-75F4-4517-B43C-A39561CFBEDE}"
EndProject
Global
	GlobalSection(SolutionConfigurationPlatforms) = preSolution
		Debug|Any CPU = Debug|Any CPU
		Release|Any CPU = Release|Any CPU
	EndGlobalSection
	GlobalSection(ProjectConfigurationPlatforms) = postSolution
		{9410870A-75F4-4517-B43C-A39561CFBEDE}.Debug|Any CPU.ActiveCfg = Debug|Any CPU
		{9410870A-75F4-4517-B43C-A39561CFBEDE}.Debug|Any CPU.Build.0 = Debug|Any CPU
		{9410870A-75F4-4517-B43C-A39561CFBEDE}.Release|Any CPU.ActiveCfg = Release|Any CPU
		{9410870A-75F4-4517-B43C-A39561CFBEDE}.Release|Any CPU.Build.0 = Release|Any CPU
	EndGlobalSection
	GlobalSection(SolutionProperties) = preSolution
		HideSolutionNode = FALSE
	EndGlobalSection
	GlobalSection(ExtensibilityGlobals) = postSolution
		SolutionGuid = {E1634253-744C-4483-A282-A9FDE30DBFD0}
	EndGlobalSection
EndGlobal
